
Microsoft Visual Studio Solution File, Format Version 12.00
Project("{FAE04EC0-301F-11D3-BF4B-00C04F79EFBC}") = "groupchat", "groupchat\groupchat.csproj", "{6B3AAEF4-BE51-4CDA-8F6A-34972A32C095}"
EndProject
Global
	GlobalSection(SolutionConfigurationPlatforms) = preSolution
		Debug|Any CPU = Debug|Any CPU
		Release|Any CPU = Release|Any CPU
	EndGlobalSection
	GlobalSection(ProjectConfigurationPlatforms) = postSolution
		{6B3AAEF4-BE51-4CDA-8F6A-34972A32C095}.Debug|Any CPU.ActiveCfg = Debug|Any CPU
		{6B3AAEF4-BE51-4CDA-8F6A-34972A32C095}.Debug|Any CPU.Build.0 = Debug|Any CPU
		{6B3AAEF4-BE51-4CDA-8F6A-34972A32C095}.Release|Any CPU.ActiveCfg = Release|Any CPU
		{6B3AAEF4-BE51-4CDA-8F6A-34972A32C095}.Release|Any CPU.Build.0 = Release|Any CPU
	EndGlobalSection
EndGlobal
